
Microsoft Visual Studio Solution File, Format Version 12.00
# Visual Studio 15
VisualStudioVersion = 15.0.27130.2027
MinimumVisualStudioVersion = 10.0.40219.1
Project("{FAE04EC0-301F-11D3-BF4B-00C04F79EFBC}") = "LineGraphTest", "LineGraphTest\LineGraphTest.csproj", "{B694060F-792D-4C61-94E0-EB3DAE8D2C33}"
EndProject
Global
	GlobalSection(SolutionConfigurationPlatforms) = preSolution
		Debug|Any CPU = Debug|Any CPU
		Release|Any CPU = Release|Any CPU
	EndGlobalSection
	GlobalSection(ProjectConfigurationPlatforms) = postSolution
		{B694060F-792D-4C61-94E0-EB3DAE8D2C33}.Debug|Any CPU.ActiveCfg = Debug|Any CPU
		{B694060F-792D-4C61-94E0-EB3DAE8D2C33}.Debug|Any CPU.Build.0 = Debug|Any CPU
		{B694060F-792D-4C61-94E0-EB3DAE8D2C33}.Release|Any CPU.ActiveCfg = Release|Any CPU
		{B694060F-792D-4C61-94E0-EB3DAE8D2C33}.Release|Any CPU.Build.0 = Release|Any CPU
	EndGlobalSection
	GlobalSection(SolutionProperties) = preSolution
		HideSolutionNode = FALSE
	EndGlobalSection
	GlobalSection(ExtensibilityGlobals) = postSolution
		SolutionGuid = {C74F4CFD-DCEA-4BA3-BADB-3D548018CF60}
	EndGlobalSection
	GlobalSection(TeamFoundationVersionControl) = preSolution
		SccNumberOfProjects = 2
		SccEnterpriseProvider = {4CA58AB2-18FA-4F8D-95D4-32DDF27D184C}
		SccTeamFoundationServer = https://chitranch.visualstudio.com/
		SccLocalPath0 = .
		SccProjectUniqueName1 = LineGraphTest\\LineGraphTest.csproj
		SccProjectName1 = LineGraphTest
		SccLocalPath1 = LineGraphTest
	EndGlobalSection
EndGlobal
